
Microsoft Visual Studio Solution File, Format Version 12.00
# Visual Studio Version 17
VisualStudioVersion = 17.14.36310.24
MinimumVisualStudioVersion = 10.0.40219.1
Project("{FAE04EC0-301F-11D3-BF4B-00C04F79EFBC}") = "Survey.Api", "Survey.Api\Survey.Api.csproj", "{D4F30917-EDEA-A53C-1BFE-72D8B86A57DA}"
EndProject
Project("{FAE04EC0-301F-11D3-BF4B-00C04F79EFBC}") = "Survey.ServiceDefaults", "Survey.ServiceDefaults\Survey.ServiceDefaults.csproj", "{98B0FEE2-9219-5DF1-924C-D0E342EC1CBC}"
EndProject
Project("{FAE04EC0-301F-11D3-BF4B-00C04F79EFBC}") = "Survey.EntityFramework", "Survey.EntityFramework\Survey.EntityFramework.csproj", "{540FF48A-E8A9-4A22-8193-C3EC236B3E2C}"
EndProject
Global
	GlobalSection(SolutionConfigurationPlatforms) = preSolution
		Debug|Any CPU = Debug|Any CPU
		Release|Any CPU = Release|Any CPU
	EndGlobalSection
	GlobalSection(ProjectConfigurationPlatforms) = postSolution
		{D4F30917-EDEA-A53C-1BFE-72D8B86A57DA}.Debug|Any CPU.ActiveCfg = Debug|Any CPU
		{D4F30917-EDEA-A53C-1BFE-72D8B86A57DA}.Debug|Any CPU.Build.0 = Debug|Any CPU
		{D4F30917-EDEA-A53C-1BFE-72D8B86A57DA}.Release|Any CPU.ActiveCfg = Release|Any CPU
		{D4F30917-EDEA-A53C-1BFE-72D8B86A57DA}.Release|Any CPU.Build.0 = Release|Any CPU
		{98B0FEE2-9219-5DF1-924C-D0E342EC1CBC}.Debug|Any CPU.ActiveCfg = Debug|Any CPU
		{98B0FEE2-9219-5DF1-924C-D0E342EC1CBC}.Debug|Any CPU.Build.0 = Debug|Any CPU
		{98B0FEE2-9219-5DF1-924C-D0E342EC1CBC}.Release|Any CPU.ActiveCfg = Release|Any CPU
		{98B0FEE2-9219-5DF1-924C-D0E342EC1CBC}.Release|Any CPU.Build.0 = Release|Any CPU
		{540FF48A-E8A9-4A22-8193-C3EC236B3E2C}.Debug|Any CPU.ActiveCfg = Debug|Any CPU
		{540FF48A-E8A9-4A22-8193-C3EC236B3E2C}.Debug|Any CPU.Build.0 = Debug|Any CPU
		{540FF48A-E8A9-4A22-8193-C3EC236B3E2C}.Release|Any CPU.ActiveCfg = Release|Any CPU
		{540FF48A-E8A9-4A22-8193-C3EC236B3E2C}.Release|Any CPU.Build.0 = Release|Any CPU
	EndGlobalSection
	GlobalSection(SolutionProperties) = preSolution
		HideSolutionNode = FALSE
	EndGlobalSection
	GlobalSection(ExtensibilityGlobals) = postSolution
		SolutionGuid = {8E153292-ADFD-4C83-9D31-1B8B4267890E}
	EndGlobalSection
EndGlobal
